{
  "name": "tax-calculator",
  "lockfileVersion": 3,
  "requires": true,
  "packages": {
    "": {
      "dependencies": {
        "@github/copilot": "^1.0.7"
      }
    },
    "node_modules/@github/copilot": {
      "version": "1.0.7",
      "resolved": "https://registry.npmjs.org/@github/copilot/-/copilot-1.0.7.tgz",
      "integrity": "sha512-KHBaJ1kbc19pqUMnB9LubPtwWVOaDCzWbzwsJss+DvHyCpr8wP8jR3GEZUnhq3rsuXI96ZKEeEozXM0NqxCAiw==",
      "license": "SEE LICENSE IN LICENSE.md",
      "bin": {
        "copilot": "npm-loader.js"
      },
      "optionalDependencies": {
        "@github/copilot-darwin-arm64": "1.0.7",
        "@github/copilot-darwin-x64": "1.0.7",
        "@github/copilot-linux-arm64": "1.0.7",
        "@github/copilot-linux-x64": "1.0.7",
        "@github/copilot-win32-arm64": "1.0.7",
        "@github/copilot-win32-x64": "1.0.7"
      }
    },
    "node_modules/@github/copilot-darwin-arm64": {
      "version": "1.0.7",
      "resolved": "https://registry.npmjs.org/@github/copilot-darwin-arm64/-/copilot-darwin-arm64-1.0.7.tgz",
      "integrity": "sha512-yQITowpkQYamww59CwcG5JTWV9ahj7nMH6oqObMJaeqXnG7j7dqE/YhLkujQZ3XR8VXAoIa1rZ3TahdMu94gOA==",
      "cpu": [
        "arm64"
      ],
      "license": "SEE LICENSE IN LICENSE.md",
      "optional": true,
      "os": [
        "darwin"
      ],
      "bin": {
        "copilot-darwin-arm64": "copilot"
      }
    },
    "node_modules/@github/copilot-darwin-x64": {
      "version": "1.0.7",
      "resolved": "https://registry.npmjs.org/@github/copilot-darwin-x64/-/copilot-darwin-x64-1.0.7.tgz",
      "integrity": "sha512-23vP5bHaFA030nB3tr+dUUdRm2SqmQbs2fZUQ4F7JeYy59jp9hi8lBdaZp/TeQnjEirAUU9H2HZxsGRIIUWp7g==",
      "cpu": [
        "x64"
      ],
      "license": "SEE LICENSE IN LICENSE.md",
      "optional": true,
      "os": [
        "darwin"
      ],
      "bin": {
        "copilot-darwin-x64": "copilot"
      }
    },
    "node_modules/@github/copilot-linux-arm64": {
      "version": "1.0.7",
      "resolved": "https://registry.npmjs.org/@github/copilot-linux-arm64/-/copilot-linux-arm64-1.0.7.tgz",
      "integrity": "sha512-g0mB98oyXKcpd4sMNBc5n1h3UhLy9AGRlT//VL8BXPSzvlTH/dJP3fdx74pbLSgvz105to/YUMmEAFfv25VNaw==",
      "cpu": [
        "arm64"
      ],
      "license": "SEE LICENSE IN LICENSE.md",
      "optional": true,
      "os": [
        "linux"
      ],
      "bin": {
        "copilot-linux-arm64": "copilot"
      }
    },
    "node_modules/@github/copilot-linux-x64": {
      "version": "1.0.7",
      "resolved": "https://registry.npmjs.org/@github/copilot-linux-x64/-/copilot-linux-x64-1.0.7.tgz",
      "integrity": "sha512-TRxzvTo9I4ehYJLFHTCJSJYQ4QnO/V9zebqwszxHpJRxuBd7FV4cxLmfOBqZcUpEpZgBH+VJ4OG98BPW7YEtJQ==",
      "cpu": [
        "x64"
      ],
      "license": "SEE LICENSE IN LICENSE.md",
      "optional": true,
      "os": [
        "linux"
      ],
      "bin": {
        "copilot-linux-x64": "copilot"
      }
    },
    "node_modules/@github/copilot-win32-arm64": {
      "version": "1.0.7",
      "resolved": "https://registry.npmjs.org/@github/copilot-win32-arm64/-/copilot-win32-arm64-1.0.7.tgz",
      "integrity": "sha512-4yFgW1K0MlKBrK5BwMIj4nMu5KSFfytNXrs8iOpVgp7erEvKVyN7VXb6SWkoU3M9TfeNlqP6Uje2rxDvgR1u5w==",
      "cpu": [
        "arm64"
      ],
      "license": "SEE LICENSE IN LICENSE.md",
      "optional": true,
      "os": [
        "win32"
      ],
      "bin": {
        "copilot-win32-arm64": "copilot.exe"
      }
    },
    "node_modules/@github/copilot-win32-x64": {
      "version": "1.0.7",
      "resolved": "https://registry.npmjs.org/@github/copilot-win32-x64/-/copilot-win32-x64-1.0.7.tgz",
      "integrity": "sha512-RDZlvPf/q6B54wLXJRmI39fc9+pwfcAjSwUqw0FeQruCTQgoUl8eo9NqeVWDFlr3RdzgVSMUiJHc3aiifVG6lA==",
      "cpu": [
        "x64"
      ],
      "license": "SEE LICENSE IN LICENSE.md",
      "optional": true,
      "os": [
        "win32"
      ],
      "bin": {
        "copilot-win32-x64": "copilot.exe"
      }
    }
  }
}
